
Microsoft Visual Studio Solution File, Format Version 12.00
# Visual Studio for Mac
Project("{FAE04EC0-301F-11D3-BF4B-00C04F79EFBC}") = "Assembly-CSharp", "Assembly-CSharp.csproj", "{76CF3B26-A0BE-A014-5442-F2C8CA9273FB}"
EndProject
Project("{FAE04EC0-301F-11D3-BF4B-00C04F79EFBC}") = "Assembly-CSharp-Editor", "Assembly-CSharp-Editor.csproj", "{9D88FA66-8706-5972-1F75-8BBAD09AF33E}"
EndProject
Global
	GlobalSection(SolutionConfigurationPlatforms) = preSolution
		Debug|Any CPU = Debug|Any CPU
		Release|Any CPU = Release|Any CPU
	EndGlobalSection
	GlobalSection(ProjectConfigurationPlatforms) = postSolution
		{76CF3B26-A0BE-A014-5442-F2C8CA9273FB}.Debug|Any CPU.ActiveCfg = Debug|Any CPU
		{76CF3B26-A0BE-A014-5442-F2C8CA9273FB}.Debug|Any CPU.Build.0 = Debug|Any CPU
		{76CF3B26-A0BE-A014-5442-F2C8CA9273FB}.Release|Any CPU.ActiveCfg = Release|Any CPU
		{76CF3B26-A0BE-A014-5442-F2C8CA9273FB}.Release|Any CPU.Build.0 = Release|Any CPU
		{9D88FA66-8706-5972-1F75-8BBAD09AF33E}.Debug|Any CPU.ActiveCfg = Debug|Any CPU
		{9D88FA66-8706-5972-1F75-8BBAD09AF33E}.Debug|Any CPU.Build.0 = Debug|Any CPU
		{9D88FA66-8706-5972-1F75-8BBAD09AF33E}.Release|Any CPU.ActiveCfg = Release|Any CPU
		{9D88FA66-8706-5972-1F75-8BBAD09AF33E}.Release|Any CPU.Build.0 = Release|Any CPU
	EndGlobalSection
	GlobalSection(SolutionProperties) = preSolution
		HideSolutionNode = FALSE
	EndGlobalSection
EndGlobal
